
Microsoft Visual Studio Solution File, Format Version 12.00
# Visual Studio Version 17
VisualStudioVersion = 17.14.36811.4 d17.14
MinimumVisualStudioVersion = 10.0.40219.1
Project("{FAE04EC0-301F-11D3-BF4B-00C04F79EFBC}") = "Cilpron.MailSdk", "Cilpron.MailSdk.csproj", "{B7A54262-5BD7-47BD-8EF1-0BC6DB8FF07A}"
EndProject
Project("{FAE04EC0-301F-11D3-BF4B-00C04F79EFBC}") = "Cilpron.MailSdk.Tests", "..\Cilpron.MailSdk.Tests\Cilpron.MailSdk.Tests.csproj", "{34EED32D-CCC2-4304-A195-EEB1CD1278A8}"
EndProject
Global
	GlobalSection(SolutionConfigurationPlatforms) = preSolution
		Debug|Any CPU = Debug|Any CPU
		Release|Any CPU = Release|Any CPU
	EndGlobalSection
	GlobalSection(ProjectConfigurationPlatforms) = postSolution
		{B7A54262-5BD7-47BD-8EF1-0BC6DB8FF07A}.Debug|Any CPU.ActiveCfg = Debug|Any CPU
		{B7A54262-5BD7-47BD-8EF1-0BC6DB8FF07A}.Debug|Any CPU.Build.0 = Debug|Any CPU
		{B7A54262-5BD7-47BD-8EF1-0BC6DB8FF07A}.Release|Any CPU.ActiveCfg = Release|Any CPU
		{B7A54262-5BD7-47BD-8EF1-0BC6DB8FF07A}.Release|Any CPU.Build.0 = Release|Any CPU
		{34EED32D-CCC2-4304-A195-EEB1CD1278A8}.Debug|Any CPU.ActiveCfg = Debug|Any CPU
		{34EED32D-CCC2-4304-A195-EEB1CD1278A8}.Debug|Any CPU.Build.0 = Debug|Any CPU
		{34EED32D-CCC2-4304-A195-EEB1CD1278A8}.Release|Any CPU.ActiveCfg = Release|Any CPU
		{34EED32D-CCC2-4304-A195-EEB1CD1278A8}.Release|Any CPU.Build.0 = Release|Any CPU
	EndGlobalSection
	GlobalSection(SolutionProperties) = preSolution
		HideSolutionNode = FALSE
	EndGlobalSection
	GlobalSection(ExtensibilityGlobals) = postSolution
		SolutionGuid = {6553F2F5-BF53-44CB-9C69-EF892594842E}
	EndGlobalSection
EndGlobal
